
Microsoft Visual Studio Solution File, Format Version 12.00
# Visual Studio 15
VisualStudioVersion = 15.0.27703.2026
MinimumVisualStudioVersion = 10.0.40219.1
Project("{9A19103F-16F7-4668-BE54-9A1E7A4F7556}") = "GetTweets-Api", "GetTweets\GetTweets-Api.csproj", "{75FE2294-472F-4A11-A5C2-905F1D3DA5DA}"
EndProject
Project("{9A19103F-16F7-4668-BE54-9A1E7A4F7556}") = "GetTweets-Tests", "GetTweets-Tests\GetTweets-Tests.csproj", "{017197E1-2132-46E4-B857-0CAD35B2CA2C}"
EndProject
Project("{FAE04EC0-301F-11D3-BF4B-00C04F79EFBC}") = "GetTweets-Service", "GetTweets-Service\GetTweets-Service.csproj", "{6D8D5A64-5F77-4740-B420-6D5818AAA54C}"
EndProject
Global
	GlobalSection(SolutionConfigurationPlatforms) = preSolution
		Debug|Any CPU = Debug|Any CPU
		Release|Any CPU = Release|Any CPU
	EndGlobalSection
	GlobalSection(ProjectConfigurationPlatforms) = postSolution
		{75FE2294-472F-4A11-A5C2-905F1D3DA5DA}.Debug|Any CPU.ActiveCfg = Debug|Any CPU
		{75FE2294-472F-4A11-A5C2-905F1D3DA5DA}.Debug|Any CPU.Build.0 = Debug|Any CPU
		{75FE2294-472F-4A11-A5C2-905F1D3DA5DA}.Release|Any CPU.ActiveCfg = Release|Any CPU
		{75FE2294-472F-4A11-A5C2-905F1D3DA5DA}.Release|Any CPU.Build.0 = Release|Any CPU
		{017197E1-2132-46E4-B857-0CAD35B2CA2C}.Debug|Any CPU.ActiveCfg = Debug|Any CPU
		{017197E1-2132-46E4-B857-0CAD35B2CA2C}.Debug|Any CPU.Build.0 = Debug|Any CPU
		{017197E1-2132-46E4-B857-0CAD35B2CA2C}.Release|Any CPU.ActiveCfg = Release|Any CPU
		{017197E1-2132-46E4-B857-0CAD35B2CA2C}.Release|Any CPU.Build.0 = Release|Any CPU
		{6D8D5A64-5F77-4740-B420-6D5818AAA54C}.Debug|Any CPU.ActiveCfg = Debug|Any CPU
		{6D8D5A64-5F77-4740-B420-6D5818AAA54C}.Debug|Any CPU.Build.0 = Debug|Any CPU
		{6D8D5A64-5F77-4740-B420-6D5818AAA54C}.Release|Any CPU.ActiveCfg = Release|Any CPU
		{6D8D5A64-5F77-4740-B420-6D5818AAA54C}.Release|Any CPU.Build.0 = Release|Any CPU
	EndGlobalSection
	GlobalSection(SolutionProperties) = preSolution
		HideSolutionNode = FALSE
	EndGlobalSection
	GlobalSection(ExtensibilityGlobals) = postSolution
		SolutionGuid = {F931681B-BD3F-4A42-B1EA-04665D6422F8}
	EndGlobalSection
EndGlobal
